
Microsoft Visual Studio Solution File, Format Version 12.00
# Visual Studio 14
VisualStudioVersion = 14.0.25123.0
MinimumVisualStudioVersion = 10.0.40219.1
Project("{FAE04EC0-301F-11D3-BF4B-00C04F79EFBC}") = "BackEnd", "PTAQ\BackEnd.csproj", "{B99EB5E5-A830-4291-B17C-36915101D5BB}"
EndProject
Project("{FAE04EC0-301F-11D3-BF4B-00C04F79EFBC}") = "FrontEnd", "FrontEnd\FrontEnd.csproj", "{575358BA-16CD-4465-B1F6-B72615FA84FA}"
EndProject
Project("{FAE04EC0-301F-11D3-BF4B-00C04F79EFBC}") = "FrontEndExample", "FrontEndExample\FrontEndExample.csproj", "{B70BC8BC-AFC8-4428-BA1F-EA011939E8F1}"
EndProject
Global
	GlobalSection(SolutionConfigurationPlatforms) = preSolution
		Debug|Any CPU = Debug|Any CPU
		Release|Any CPU = Release|Any CPU
	EndGlobalSection
	GlobalSection(ProjectConfigurationPlatforms) = postSolution
		{B99EB5E5-A830-4291-B17C-36915101D5BB}.Debug|Any CPU.ActiveCfg = Debug|Any CPU
		{B99EB5E5-A830-4291-B17C-36915101D5BB}.Debug|Any CPU.Build.0 = Debug|Any CPU
		{B99EB5E5-A830-4291-B17C-36915101D5BB}.Release|Any CPU.ActiveCfg = Release|Any CPU
		{B99EB5E5-A830-4291-B17C-36915101D5BB}.Release|Any CPU.Build.0 = Release|Any CPU
		{575358BA-16CD-4465-B1F6-B72615FA84FA}.Debug|Any CPU.ActiveCfg = Debug|Any CPU
		{575358BA-16CD-4465-B1F6-B72615FA84FA}.Debug|Any CPU.Build.0 = Debug|Any CPU
		{575358BA-16CD-4465-B1F6-B72615FA84FA}.Release|Any CPU.ActiveCfg = Release|Any CPU
		{575358BA-16CD-4465-B1F6-B72615FA84FA}.Release|Any CPU.Build.0 = Release|Any CPU
		{B70BC8BC-AFC8-4428-BA1F-EA011939E8F1}.Debug|Any CPU.ActiveCfg = Debug|Any CPU
		{B70BC8BC-AFC8-4428-BA1F-EA011939E8F1}.Debug|Any CPU.Build.0 = Debug|Any CPU
		{B70BC8BC-AFC8-4428-BA1F-EA011939E8F1}.Release|Any CPU.ActiveCfg = Release|Any CPU
		{B70BC8BC-AFC8-4428-BA1F-EA011939E8F1}.Release|Any CPU.Build.0 = Release|Any CPU
	EndGlobalSection
	GlobalSection(SolutionProperties) = preSolution
		HideSolutionNode = FALSE
	EndGlobalSection
EndGlobal
